
Microsoft Visual Studio Solution File, Format Version 12.00
# Visual Studio 2012
Project("{FAE04EC0-301F-11D3-BF4B-00C04F79EFBC}") = "AutofacGettingStarted", "AutofacGettingStarted\AutofacGettingStarted.csproj", "{6DB9572B-0138-4A3E-A5E4-22A1607D0185}"
EndProject
Global
	GlobalSection(SolutionConfigurationPlatforms) = preSolution
		Debug|Any CPU = Debug|Any CPU
		Release|Any CPU = Release|Any CPU
	EndGlobalSection
	GlobalSection(ProjectConfigurationPlatforms) = postSolution
		{6DB9572B-0138-4A3E-A5E4-22A1607D0185}.Debug|Any CPU.ActiveCfg = Debug|Any CPU
		{6DB9572B-0138-4A3E-A5E4-22A1607D0185}.Debug|Any CPU.Build.0 = Debug|Any CPU
		{6DB9572B-0138-4A3E-A5E4-22A1607D0185}.Release|Any CPU.ActiveCfg = Release|Any CPU
		{6DB9572B-0138-4A3E-A5E4-22A1607D0185}.Release|Any CPU.Build.0 = Release|Any CPU
	EndGlobalSection
	GlobalSection(SolutionProperties) = preSolution
		HideSolutionNode = FALSE
	EndGlobalSection
EndGlobal
